
Microsoft Visual Studio Solution File, Format Version 12.00
# Visual Studio Version 16
VisualStudioVersion = 16.0.29411.108
MinimumVisualStudioVersion = 10.0.40219.1
Project("{FAE04EC0-301F-11D3-BF4B-00C04F79EFBC}") = "Calculator", "Calculator\Calculator.csproj", "{DAD65DDD-B68E-4604-9DF6-549D5D8871DB}"
EndProject
Global
	GlobalSection(SolutionConfigurationPlatforms) = preSolution
		Debug|Any CPU = Debug|Any CPU
		Release|Any CPU = Release|Any CPU
	EndGlobalSection
	GlobalSection(ProjectConfigurationPlatforms) = postSolution
		{DAD65DDD-B68E-4604-9DF6-549D5D8871DB}.Debug|Any CPU.ActiveCfg = Debug|Any CPU
		{DAD65DDD-B68E-4604-9DF6-549D5D8871DB}.Debug|Any CPU.Build.0 = Debug|Any CPU
		{DAD65DDD-B68E-4604-9DF6-549D5D8871DB}.Release|Any CPU.ActiveCfg = Release|Any CPU
		{DAD65DDD-B68E-4604-9DF6-549D5D8871DB}.Release|Any CPU.Build.0 = Release|Any CPU
	EndGlobalSection
	GlobalSection(SolutionProperties) = preSolution
		HideSolutionNode = FALSE
	EndGlobalSection
	GlobalSection(ExtensibilityGlobals) = postSolution
		SolutionGuid = {FEA7F960-7C50-40B6-85F9-AAAF458A19CA}
	EndGlobalSection
EndGlobal
